
Microsoft Visual Studio Solution File, Format Version 12.00
# Visual Studio Version 17
VisualStudioVersion = 17.11.35312.102
MinimumVisualStudioVersion = 10.0.40219.1
Project("{FAE04EC0-301F-11D3-BF4B-00C04F79EFBC}") = "HospitalAppointment", "HospitalAppointment\HospitalAppointment.csproj", "{B69829A2-89E1-4A8E-A07F-345273895A03}"
EndProject
Global
	GlobalSection(SolutionConfigurationPlatforms) = preSolution
		Debug|Any CPU = Debug|Any CPU
		Release|Any CPU = Release|Any CPU
	EndGlobalSection
	GlobalSection(ProjectConfigurationPlatforms) = postSolution
		{B69829A2-89E1-4A8E-A07F-345273895A03}.Debug|Any CPU.ActiveCfg = Debug|Any CPU
		{B69829A2-89E1-4A8E-A07F-345273895A03}.Debug|Any CPU.Build.0 = Debug|Any CPU
		{B69829A2-89E1-4A8E-A07F-345273895A03}.Release|Any CPU.ActiveCfg = Release|Any CPU
		{B69829A2-89E1-4A8E-A07F-345273895A03}.Release|Any CPU.Build.0 = Release|Any CPU
	EndGlobalSection
	GlobalSection(SolutionProperties) = preSolution
		HideSolutionNode = FALSE
	EndGlobalSection
	GlobalSection(ExtensibilityGlobals) = postSolution
		SolutionGuid = {AC31419D-7629-4795-8676-1ED40F0B109E}
	EndGlobalSection
EndGlobal
